// !$*UTF8*$!
{
	archiveVersion = 1;
	classes = {
	};
	objectVersion = 55;
	objects = {

/* Begin PBXBuildFile section */
		9524D2C428333EBF00A36097 /* HomeFormButton.swift in Sources */ = {isa = PBXBuildFile; fileRef = 9524D2C128333EBF00A36097 /* HomeFormButton.swift */; };
		9524D2C528333EBF00A36097 /* HomeFormSegmentedControl.swift in Sources */ = {isa = PBXBuildFile; fileRef = 9524D2C228333EBF00A36097 /* HomeFormSegmentedControl.swift */; };
		9524D2C628333EBF00A36097 /* HomeFormTextField.swift in Sources */ = {isa = PBXBuildFile; fileRef = 9524D2C328333EBF00A36097 /* HomeFormTextField.swift */; };
		9524FE5C2814DF9300031980 /* HomeFormView.swift in Sources */ = {isa = PBXBuildFile; fileRef = 9524FE5B2814DF9300031980 /* HomeFormView.swift */; };
		9537A46A282E302F0090A013 /* SDWebImage in Frameworks */ = {isa = PBXBuildFile; productRef = 9537A469282E302F0090A013 /* SDWebImage */; };
		9537A46D282E3AAB0090A013 /* SpotifyPlaylistAPI.swift in Sources */ = {isa = PBXBuildFile; fileRef = 9537A46C282E3AAB0090A013 /* SpotifyPlaylistAPI.swift */; };
		953A965F28391FFB00281C47 /* APIClientError.swift in Sources */ = {isa = PBXBuildFile; fileRef = 953A965E28391FFB00281C47 /* APIClientError.swift */; };
		953FC171282A286300BC0620 /* SongInfoViewController.swift in Sources */ = {isa = PBXBuildFile; fileRef = 953FC170282A286300BC0620 /* SongInfoViewController.swift */; };
		953FC173282A296800BC0620 /* SongInfoViewModel.swift in Sources */ = {isa = PBXBuildFile; fileRef = 953FC172282A296800BC0620 /* SongInfoViewModel.swift */; };
		953FC175282AE4C200BC0620 /* UserCollectionViewCell.swift in Sources */ = {isa = PBXBuildFile; fileRef = 953FC174282AE4C200BC0620 /* UserCollectionViewCell.swift */; };
		953FC177282B739F00BC0620 /* UserService.swift in Sources */ = {isa = PBXBuildFile; fileRef = 953FC176282B739F00BC0620 /* UserService.swift */; };
		95420BCB28278C4900EEAE05 /* SpotifySearchResponse.swift in Sources */ = {isa = PBXBuildFile; fileRef = 95420BCA28278C4900EEAE05 /* SpotifySearchResponse.swift */; };
		95420BCD2827AD2400EEAE05 /* SearchResultItem.swift in Sources */ = {isa = PBXBuildFile; fileRef = 95420BCC2827AD2400EEAE05 /* SearchResultItem.swift */; };
		95420BCF2827B48E00EEAE05 /* PlaylistService.swift in Sources */ = {isa = PBXBuildFile; fileRef = 95420BCE2827B48E00EEAE05 /* PlaylistService.swift */; };
		9559FB9328143210008E6FF3 /* AppDelegate.swift in Sources */ = {isa = PBXBuildFile; fileRef = 9559FB9228143210008E6FF3 /* AppDelegate.swift */; };
		9559FB9528143210008E6FF3 /* SceneDelegate.swift in Sources */ = {isa = PBXBuildFile; fileRef = 9559FB9428143210008E6FF3 /* SceneDelegate.swift */; };
		9559FB9A28143210008E6FF3 /* Main.storyboard in Resources */ = {isa = PBXBuildFile; fileRef = 9559FB9828143210008E6FF3 /* Main.storyboard */; };
		9559FB9C28143211008E6FF3 /* Assets.xcassets in Resources */ = {isa = PBXBuildFile; fileRef = 9559FB9B28143211008E6FF3 /* Assets.xcassets */; };
		9559FB9F28143211008E6FF3 /* LaunchScreen.storyboard in Resources */ = {isa = PBXBuildFile; fileRef = 9559FB9D28143211008E6FF3 /* LaunchScreen.storyboard */; };
		9573F65E283F3F0A00CB1642 /* NVActivityIndicatorView in Frameworks */ = {isa = PBXBuildFile; productRef = 9573F65D283F3F0A00CB1642 /* NVActivityIndicatorView */; };
		9573F660283F3FC900CB1642 /* UIViewController+ActivityIndicator.swift in Sources */ = {isa = PBXBuildFile; fileRef = 9573F65F283F3FC900CB1642 /* UIViewController+ActivityIndicator.swift */; };
		9576DAF8282F6E2E00AE1F5E /* SpotifyTokenService.swift in Sources */ = {isa = PBXBuildFile; fileRef = 9576DAF7282F6E2E00AE1F5E /* SpotifyTokenService.swift */; };
		9576DAFB28305B4400AE1F5E /* SpotifyUsersAPI.swift in Sources */ = {isa = PBXBuildFile; fileRef = 9576DAFA28305B4400AE1F5E /* SpotifyUsersAPI.swift */; };
		9576DAFD283069CA00AE1F5E /* SpotifyUsersResponse.swift in Sources */ = {isa = PBXBuildFile; fileRef = 9576DAFC283069CA00AE1F5E /* SpotifyUsersResponse.swift */; };
		9576DAFF28306B6B00AE1F5E /* SpotifyPlaylistResponse.swift in Sources */ = {isa = PBXBuildFile; fileRef = 9576DAFE28306B6B00AE1F5E /* SpotifyPlaylistResponse.swift */; };
		9576DB012830919A00AE1F5E /* RoomInfoViewController.swift in Sources */ = {isa = PBXBuildFile; fileRef = 9576DB002830919A00AE1F5E /* RoomInfoViewController.swift */; };
		9576DB04283094C900AE1F5E /* SpotifyLinkTableViewCell.swift in Sources */ = {isa = PBXBuildFile; fileRef = 9576DB03283094C900AE1F5E /* SpotifyLinkTableViewCell.swift */; };
		9576DB0628309CED00AE1F5E /* RoomInfoTableViewCell.swift in Sources */ = {isa = PBXBuildFile; fileRef = 9576DB0528309CED00AE1F5E /* RoomInfoTableViewCell.swift */; };
		958698E628176ADA00FA3E15 /* RoomService.swift in Sources */ = {isa = PBXBuildFile; fileRef = 958698E528176ADA00FA3E15 /* RoomService.swift */; };
		95B3341B281990CF001BF021 /* PlaylistViewController.swift in Sources */ = {isa = PBXBuildFile; fileRef = 95B3341A281990CF001BF021 /* PlaylistViewController.swift */; };
		95B3341F281992F5001BF021 /* PlaylistTableViewCell.swift in Sources */ = {isa = PBXBuildFile; fileRef = 95B3341E281992F5001BF021 /* PlaylistTableViewCell.swift */; };
		95B3342128199A6A001BF021 /* PlaylistViewModel.swift in Sources */ = {isa = PBXBuildFile; fileRef = 95B3342028199A6A001BF021 /* PlaylistViewModel.swift */; };
		95B334232819A352001BF021 /* Song.swift in Sources */ = {isa = PBXBuildFile; fileRef = 95B334222819A352001BF021 /* Song.swift */; };
		95B334252819A5CF001BF021 /* PlaylistItem.swift in Sources */ = {isa = PBXBuildFile; fileRef = 95B334242819A5CF001BF021 /* PlaylistItem.swift */; };
		95B3342B2819D20A001BF021 /* SearchViewController.swift in Sources */ = {isa = PBXBuildFile; fileRef = 95B3342A2819D20A001BF021 /* SearchViewController.swift */; };
		95B3342D2819D50E001BF021 /* SearchViewModel.swift in Sources */ = {isa = PBXBuildFile; fileRef = 95B3342C2819D50E001BF021 /* SearchViewModel.swift */; };
		95B334302819E913001BF021 /* SearchResultTableViewCell.swift in Sources */ = {isa = PBXBuildFile; fileRef = 95B3342F2819E913001BF021 /* SearchResultTableViewCell.swift */; };
		95B3344B281A44C4001BF021 /* APIClient.swift in Sources */ = {isa = PBXBuildFile; fileRef = 95B3344A281A44C4001BF021 /* APIClient.swift */; };
		95B3344D281A6B02001BF021 /* SpotifyiOS.xcframework in Frameworks */ = {isa = PBXBuildFile; fileRef = 95B334442819FFE3001BF021 /* SpotifyiOS.xcframework */; };
		95B3344E281A6B02001BF021 /* SpotifyiOS.xcframework in Embed Frameworks */ = {isa = PBXBuildFile; fileRef = 95B334442819FFE3001BF021 /* SpotifyiOS.xcframework */; settings = {ATTRIBUTES = (CodeSignOnCopy, RemoveHeadersOnCopy, ); }; };
		95B9A95C282B967500146B92 /* FirebaseAuth in Frameworks */ = {isa = PBXBuildFile; productRef = 95B9A95B282B967500146B92 /* FirebaseAuth */; };
		95B9A95E282B967500146B92 /* FirebaseCrashlytics in Frameworks */ = {isa = PBXBuildFile; productRef = 95B9A95D282B967500146B92 /* FirebaseCrashlytics */; };
		95B9A960282B967500146B92 /* FirebaseFirestore in Frameworks */ = {isa = PBXBuildFile; productRef = 95B9A95F282B967500146B92 /* FirebaseFirestore */; };
		95B9A962282B967500146B92 /* FirebaseFirestoreSwift in Frameworks */ = {isa = PBXBuildFile; productRef = 95B9A961282B967500146B92 /* FirebaseFirestoreSwift */; };
		95B9A964282CB31400146B92 /* UsersViewModel.swift in Sources */ = {isa = PBXBuildFile; fileRef = 95B9A963282CB31400146B92 /* UsersViewModel.swift */; };
		95B9A966282CB31E00146B92 /* RoomViewModel.swift in Sources */ = {isa = PBXBuildFile; fileRef = 95B9A965282CB31E00146B92 /* RoomViewModel.swift */; };
		95B9A96B282DFEFF00146B92 /* UserDefaultsProperty.swift in Sources */ = {isa = PBXBuildFile; fileRef = 95B9A969282DFEFF00146B92 /* UserDefaultsProperty.swift */; };
		95B9A96C282DFEFF00146B92 /* UserDefaultsRepository.swift in Sources */ = {isa = PBXBuildFile; fileRef = 95B9A96A282DFEFF00146B92 /* UserDefaultsRepository.swift */; };
		95B9A96F282E0CDD00146B92 /* UIViewController+Alert.swift in Sources */ = {isa = PBXBuildFile; fileRef = 95B9A96E282E0CDD00146B92 /* UIViewController+Alert.swift */; };
		95BBC52D2836133300529D4F /* SwitchControl.swift in Sources */ = {isa = PBXBuildFile; fileRef = 95BBC52C2836133300529D4F /* SwitchControl.swift */; };
		95C7087F2814C23B0073A058 /* GoogleService-Info.plist in Resources */ = {isa = PBXBuildFile; fileRef = 95C7087E2814C23B0073A058 /* GoogleService-Info.plist */; };
		95CABF78283628140082432E /* PolicyViewController.swift in Sources */ = {isa = PBXBuildFile; fileRef = 95CABF77283628140082432E /* PolicyViewController.swift */; };
		95CDF5C9281506E000E98B91 /* HomeViewController.swift in Sources */ = {isa = PBXBuildFile; fileRef = 95CDF5C8281506E000E98B91 /* HomeViewController.swift */; };
		95CDF5CC2815071F00E98B91 /* HomeViewModel.swift in Sources */ = {isa = PBXBuildFile; fileRef = 95CDF5CB2815071F00E98B91 /* HomeViewModel.swift */; };
		95CDF5CF2815079800E98B91 /* AuthService.swift in Sources */ = {isa = PBXBuildFile; fileRef = 95CDF5CE2815079800E98B91 /* AuthService.swift */; };
		95CDF5D12815777700E98B91 /* User.swift in Sources */ = {isa = PBXBuildFile; fileRef = 95CDF5D02815777700E98B91 /* User.swift */; };
		95CDF5D92815E26600E98B91 /* FirestoreRepository.swift in Sources */ = {isa = PBXBuildFile; fileRef = 95CDF5D82815E26600E98B91 /* FirestoreRepository.swift */; };
		95D4E50128337E6000A05FC9 /* SpotifyPlayerAPI.swift in Sources */ = {isa = PBXBuildFile; fileRef = 95D4E50028337E6000A05FC9 /* SpotifyPlayerAPI.swift */; };
		95D526D62816661F00E633B4 /* Room.swift in Sources */ = {isa = PBXBuildFile; fileRef = 95D526D52816661F00E633B4 /* Room.swift */; };
		95DD897A281B88EF0021DB18 /* SpotifyAccountsAPI.swift in Sources */ = {isa = PBXBuildFile; fileRef = 95DD8979281B88EF0021DB18 /* SpotifyAccountsAPI.swift */; };
		95DD897F281CBA6A0021DB18 /* SpotifyService.swift in Sources */ = {isa = PBXBuildFile; fileRef = 95DD897E281CBA6A0021DB18 /* SpotifyService.swift */; };
		95DD89812823650E0021DB18 /* APIRequest.swift in Sources */ = {isa = PBXBuildFile; fileRef = 95DD89802823650E0021DB18 /* APIRequest.swift */; };
		95DD898328237EFC0021DB18 /* SpotifyAccountsResponse.swift in Sources */ = {isa = PBXBuildFile; fileRef = 95DD898228237EFC0021DB18 /* SpotifyAccountsResponse.swift */; };
		95DD89872824B57A0021DB18 /* SpotifySearchAPI.swift in Sources */ = {isa = PBXBuildFile; fileRef = 95DD89862824B57A0021DB18 /* SpotifySearchAPI.swift */; };
		95DD898928275E300021DB18 /* HTTPMethod.swift in Sources */ = {isa = PBXBuildFile; fileRef = 95DD898828275E300021DB18 /* HTTPMethod.swift */; };
		95DD898B28275E3B0021DB18 /* HTTPAuthorization.swift in Sources */ = {isa = PBXBuildFile; fileRef = 95DD898A28275E3B0021DB18 /* HTTPAuthorization.swift */; };
		95DD898D28275E520021DB18 /* HTTPContentType.swift in Sources */ = {isa = PBXBuildFile; fileRef = 95DD898C28275E520021DB18 /* HTTPContentType.swift */; };
		95DD898F2827753F0021DB18 /* APIEndpoint.swift in Sources */ = {isa = PBXBuildFile; fileRef = 95DD898E2827753F0021DB18 /* APIEndpoint.swift */; };
/* End PBXBuildFile section */

/* Begin PBXCopyFilesBuildPhase section */
		95B3344F281A6B02001BF021 /* Embed Frameworks */ = {
			isa = PBXCopyFilesBuildPhase;
			buildActionMask = 2147483647;
			dstPath = "";
			dstSubfolderSpec = 10;
			files = (
				95B3344E281A6B02001BF021 /* SpotifyiOS.xcframework in Embed Frameworks */,
			);
			name = "Embed Frameworks";
			runOnlyForDeploymentPostprocessing = 0;
		};
/* End PBXCopyFilesBuildPhase section */

/* Begin PBXFileReference section */
		9524D2C128333EBF00A36097 /* HomeFormButton.swift */ = {isa = PBXFileReference; fileEncoding = 4; lastKnownFileType = sourcecode.swift; path = HomeFormButton.swift; sourceTree = "<group>"; };
		9524D2C228333EBF00A36097 /* HomeFormSegmentedControl.swift */ = {isa = PBXFileReference; fileEncoding = 4; lastKnownFileType = sourcecode.swift; path = HomeFormSegmentedControl.swift; sourceTree = "<group>"; };
		9524D2C328333EBF00A36097 /* HomeFormTextField.swift */ = {isa = PBXFileReference; fileEncoding = 4; lastKnownFileType = sourcecode.swift; path = HomeFormTextField.swift; sourceTree = "<group>"; };
		9524FE5B2814DF9300031980 /* HomeFormView.swift */ = {isa = PBXFileReference; lastKnownFileType = sourcecode.swift; path = HomeFormView.swift; sourceTree = "<group>"; };
		9537A46C282E3AAB0090A013 /* SpotifyPlaylistAPI.swift */ = {isa = PBXFileReference; lastKnownFileType = sourcecode.swift; path = SpotifyPlaylistAPI.swift; sourceTree = "<group>"; };
		953A965E28391FFB00281C47 /* APIClientError.swift */ = {isa = PBXFileReference; lastKnownFileType = sourcecode.swift; path = APIClientError.swift; sourceTree = "<group>"; };
		953FC170282A286300BC0620 /* SongInfoViewController.swift */ = {isa = PBXFileReference; fileEncoding = 4; lastKnownFileType = sourcecode.swift; path = SongInfoViewController.swift; sourceTree = "<group>"; };
		953FC172282A296800BC0620 /* SongInfoViewModel.swift */ = {isa = PBXFileReference; lastKnownFileType = sourcecode.swift; path = SongInfoViewModel.swift; sourceTree = "<group>"; };
		953FC174282AE4C200BC0620 /* UserCollectionViewCell.swift */ = {isa = PBXFileReference; lastKnownFileType = sourcecode.swift; path = UserCollectionViewCell.swift; sourceTree = "<group>"; };
		953FC176282B739F00BC0620 /* UserService.swift */ = {isa = PBXFileReference; lastKnownFileType = sourcecode.swift; path = UserService.swift; sourceTree = "<group>"; };
		95420BCA28278C4900EEAE05 /* SpotifySearchResponse.swift */ = {isa = PBXFileReference; lastKnownFileType = sourcecode.swift; path = SpotifySearchResponse.swift; sourceTree = "<group>"; };
		95420BCC2827AD2400EEAE05 /* SearchResultItem.swift */ = {isa = PBXFileReference; lastKnownFileType = sourcecode.swift; path = SearchResultItem.swift; sourceTree = "<group>"; };
		95420BCE2827B48E00EEAE05 /* PlaylistService.swift */ = {isa = PBXFileReference; lastKnownFileType = sourcecode.swift; path = PlaylistService.swift; sourceTree = "<group>"; };
		9559FB8F28143210008E6FF3 /* QueUp.app */ = {isa = PBXFileReference; explicitFileType = wrapper.application; includeInIndex = 0; path = QueUp.app; sourceTree = BUILT_PRODUCTS_DIR; };
		9559FB9228143210008E6FF3 /* AppDelegate.swift */ = {isa = PBXFileReference; lastKnownFileType = sourcecode.swift; path = AppDelegate.swift; sourceTree = "<group>"; };
		9559FB9428143210008E6FF3 /* SceneDelegate.swift */ = {isa = PBXFileReference; lastKnownFileType = sourcecode.swift; path = SceneDelegate.swift; sourceTree = "<group>"; };
		9559FB9928143210008E6FF3 /* Base */ = {isa = PBXFileReference; lastKnownFileType = file.storyboard; name = Base; path = Base.lproj/Main.storyboard; sourceTree = "<group>"; };
		9559FB9B28143211008E6FF3 /* Assets.xcassets */ = {isa = PBXFileReference; lastKnownFileType = folder.assetcatalog; path = Assets.xcassets; sourceTree = "<group>"; };
		9559FB9E28143211008E6FF3 /* Base */ = {isa = PBXFileReference; lastKnownFileType = file.storyboard; name = Base; path = Base.lproj/LaunchScreen.storyboard; sourceTree = "<group>"; };
		9559FBA028143211008E6FF3 /* Info.plist */ = {isa = PBXFileReference; lastKnownFileType = text.plist.xml; path = Info.plist; sourceTree = "<group>"; };
		9573F65F283F3FC900CB1642 /* UIViewController+ActivityIndicator.swift */ = {isa = PBXFileReference; lastKnownFileType = sourcecode.swift; path = "UIViewController+ActivityIndicator.swift"; sourceTree = "<group>"; };
		9576DAF7282F6E2E00AE1F5E /* SpotifyTokenService.swift */ = {isa = PBXFileReference; lastKnownFileType = sourcecode.swift; path = SpotifyTokenService.swift; sourceTree = "<group>"; };
		9576DAFA28305B4400AE1F5E /* SpotifyUsersAPI.swift */ = {isa = PBXFileReference; lastKnownFileType = sourcecode.swift; path = SpotifyUsersAPI.swift; sourceTree = "<group>"; };
		9576DAFC283069CA00AE1F5E /* SpotifyUsersResponse.swift */ = {isa = PBXFileReference; lastKnownFileType = sourcecode.swift; path = SpotifyUsersResponse.swift; sourceTree = "<group>"; };
		9576DAFE28306B6B00AE1F5E /* SpotifyPlaylistResponse.swift */ = {isa = PBXFileReference; lastKnownFileType = sourcecode.swift; path = SpotifyPlaylistResponse.swift; sourceTree = "<group>"; };
		9576DB002830919A00AE1F5E /* RoomInfoViewController.swift */ = {isa = PBXFileReference; fileEncoding = 4; lastKnownFileType = sourcecode.swift; path = RoomInfoViewController.swift; sourceTree = "<group>"; };
		9576DB03283094C900AE1F5E /* SpotifyLinkTableViewCell.swift */ = {isa = PBXFileReference; lastKnownFileType = sourcecode.swift; path = SpotifyLinkTableViewCell.swift; sourceTree = "<group>"; };
		9576DB0528309CED00AE1F5E /* RoomInfoTableViewCell.swift */ = {isa = PBXFileReference; lastKnownFileType = sourcecode.swift; path = RoomInfoTableViewCell.swift; sourceTree = "<group>"; };
		958698E528176ADA00FA3E15 /* RoomService.swift */ = {isa = PBXFileReference; lastKnownFileType = sourcecode.swift; path = RoomService.swift; sourceTree = "<group>"; };
		95B3341A281990CF001BF021 /* PlaylistViewController.swift */ = {isa = PBXFileReference; lastKnownFileType = sourcecode.swift; path = PlaylistViewController.swift; sourceTree = "<group>"; };
		95B3341E281992F5001BF021 /* PlaylistTableViewCell.swift */ = {isa = PBXFileReference; lastKnownFileType = sourcecode.swift; path = PlaylistTableViewCell.swift; sourceTree = "<group>"; };
		95B3342028199A6A001BF021 /* PlaylistViewModel.swift */ = {isa = PBXFileReference; lastKnownFileType = sourcecode.swift; path = PlaylistViewModel.swift; sourceTree = "<group>"; };
		95B334222819A352001BF021 /* Song.swift */ = {isa = PBXFileReference; lastKnownFileType = sourcecode.swift; path = Song.swift; sourceTree = "<group>"; };
		95B334242819A5CF001BF021 /* PlaylistItem.swift */ = {isa = PBXFileReference; lastKnownFileType = sourcecode.swift; path = PlaylistItem.swift; sourceTree = "<group>"; };
		95B3342A2819D20A001BF021 /* SearchViewController.swift */ = {isa = PBXFileReference; lastKnownFileType = sourcecode.swift; path = SearchViewController.swift; sourceTree = "<group>"; };
		95B3342C2819D50E001BF021 /* SearchViewModel.swift */ = {isa = PBXFileReference; lastKnownFileType = sourcecode.swift; path = SearchViewModel.swift; sourceTree = "<group>"; };
		95B3342F2819E913001BF021 /* SearchResultTableViewCell.swift */ = {isa = PBXFileReference; lastKnownFileType = sourcecode.swift; path = SearchResultTableViewCell.swift; sourceTree = "<group>"; };
		95B334442819FFE3001BF021 /* SpotifyiOS.xcframework */ = {isa = PBXFileReference; lastKnownFileType = wrapper.xcframework; path = SpotifyiOS.xcframework; sourceTree = "<group>"; };
		95B33446281A0034001BF021 /* QueUp-Bridging-Header.h */ = {isa = PBXFileReference; lastKnownFileType = sourcecode.c.h; path = "QueUp-Bridging-Header.h"; sourceTree = "<group>"; };
		95B3344A281A44C4001BF021 /* APIClient.swift */ = {isa = PBXFileReference; lastKnownFileType = sourcecode.swift; path = APIClient.swift; sourceTree = "<group>"; };
		95B9A963282CB31400146B92 /* UsersViewModel.swift */ = {isa = PBXFileReference; lastKnownFileType = sourcecode.swift; path = UsersViewModel.swift; sourceTree = "<group>"; };
		95B9A965282CB31E00146B92 /* RoomViewModel.swift */ = {isa = PBXFileReference; lastKnownFileType = sourcecode.swift; path = RoomViewModel.swift; sourceTree = "<group>"; };
		95B9A969282DFEFF00146B92 /* UserDefaultsProperty.swift */ = {isa = PBXFileReference; fileEncoding = 4; lastKnownFileType = sourcecode.swift; path = UserDefaultsProperty.swift; sourceTree = "<group>"; };
		95B9A96A282DFEFF00146B92 /* UserDefaultsRepository.swift */ = {isa = PBXFileReference; fileEncoding = 4; lastKnownFileType = sourcecode.swift; path = UserDefaultsRepository.swift; sourceTree = "<group>"; };
		95B9A96E282E0CDD00146B92 /* UIViewController+Alert.swift */ = {isa = PBXFileReference; fileEncoding = 4; lastKnownFileType = sourcecode.swift; path = "UIViewController+Alert.swift"; sourceTree = "<group>"; };
		95BBC52C2836133300529D4F /* SwitchControl.swift */ = {isa = PBXFileReference; fileEncoding = 4; lastKnownFileType = sourcecode.swift; path = SwitchControl.swift; sourceTree = "<group>"; };
		95C7087E2814C23B0073A058 /* GoogleService-Info.plist */ = {isa = PBXFileReference; fileEncoding = 4; lastKnownFileType = text.plist.xml; path = "GoogleService-Info.plist"; sourceTree = "<group>"; };
		95CABF77283628140082432E /* PolicyViewController.swift */ = {isa = PBXFileReference; fileEncoding = 4; lastKnownFileType = sourcecode.swift; path = PolicyViewController.swift; sourceTree = "<group>"; };
		95CDF5C8281506E000E98B91 /* HomeViewController.swift */ = {isa = PBXFileReference; lastKnownFileType = sourcecode.swift; path = HomeViewController.swift; sourceTree = "<group>"; };
		95CDF5CB2815071F00E98B91 /* HomeViewModel.swift */ = {isa = PBXFileReference; lastKnownFileType = sourcecode.swift; path = HomeViewModel.swift; sourceTree = "<group>"; };
		95CDF5CE2815079800E98B91 /* AuthService.swift */ = {isa = PBXFileReference; lastKnownFileType = sourcecode.swift; path = AuthService.swift; sourceTree = "<group>"; };
		95CDF5D02815777700E98B91 /* User.swift */ = {isa = PBXFileReference; lastKnownFileType = sourcecode.swift; path = User.swift; sourceTree = "<group>"; };
		95CDF5D82815E26600E98B91 /* FirestoreRepository.swift */ = {isa = PBXFileReference; fileEncoding = 4; lastKnownFileType = sourcecode.swift; path = FirestoreRepository.swift; sourceTree = "<group>"; };
		95D4E50028337E6000A05FC9 /* SpotifyPlayerAPI.swift */ = {isa = PBXFileReference; lastKnownFileType = sourcecode.swift; path = SpotifyPlayerAPI.swift; sourceTree = "<group>"; };
		95D526D52816661F00E633B4 /* Room.swift */ = {isa = PBXFileReference; lastKnownFileType = sourcecode.swift; path = Room.swift; sourceTree = "<group>"; };
		95DD8979281B88EF0021DB18 /* SpotifyAccountsAPI.swift */ = {isa = PBXFileReference; lastKnownFileType = sourcecode.swift; path = SpotifyAccountsAPI.swift; sourceTree = "<group>"; };
		95DD897E281CBA6A0021DB18 /* SpotifyService.swift */ = {isa = PBXFileReference; lastKnownFileType = sourcecode.swift; path = SpotifyService.swift; sourceTree = "<group>"; };
		95DD89802823650E0021DB18 /* APIRequest.swift */ = {isa = PBXFileReference; lastKnownFileType = sourcecode.swift; path = APIRequest.swift; sourceTree = "<group>"; };
		95DD898228237EFC0021DB18 /* SpotifyAccountsResponse.swift */ = {isa = PBXFileReference; lastKnownFileType = sourcecode.swift; path = SpotifyAccountsResponse.swift; sourceTree = "<group>"; };
		95DD89862824B57A0021DB18 /* SpotifySearchAPI.swift */ = {isa = PBXFileReference; lastKnownFileType = sourcecode.swift; path = SpotifySearchAPI.swift; sourceTree = "<group>"; };
		95DD898828275E300021DB18 /* HTTPMethod.swift */ = {isa = PBXFileReference; lastKnownFileType = sourcecode.swift; path = HTTPMethod.swift; sourceTree = "<group>"; };
		95DD898A28275E3B0021DB18 /* HTTPAuthorization.swift */ = {isa = PBXFileReference; lastKnownFileType = sourcecode.swift; path = HTTPAuthorization.swift; sourceTree = "<group>"; };
		95DD898C28275E520021DB18 /* HTTPContentType.swift */ = {isa = PBXFileReference; lastKnownFileType = sourcecode.swift; path = HTTPContentType.swift; sourceTree = "<group>"; };
		95DD898E2827753F0021DB18 /* APIEndpoint.swift */ = {isa = PBXFileReference; lastKnownFileType = sourcecode.swift; path = APIEndpoint.swift; sourceTree = "<group>"; };
/* End PBXFileReference section */

/* Begin PBXFrameworksBuildPhase section */
		9559FB8C28143210008E6FF3 /* Frameworks */ = {
			isa = PBXFrameworksBuildPhase;
			buildActionMask = 2147483647;
			files = (
				9537A46A282E302F0090A013 /* SDWebImage in Frameworks */,
				95B9A962282B967500146B92 /* FirebaseFirestoreSwift in Frameworks */,
				9573F65E283F3F0A00CB1642 /* NVActivityIndicatorView in Frameworks */,
				95B9A95E282B967500146B92 /* FirebaseCrashlytics in Frameworks */,
				95B9A960282B967500146B92 /* FirebaseFirestore in Frameworks */,
				95B3344D281A6B02001BF021 /* SpotifyiOS.xcframework in Frameworks */,
				95B9A95C282B967500146B92 /* FirebaseAuth in Frameworks */,
			);
			runOnlyForDeploymentPostprocessing = 0;
		};
/* End PBXFrameworksBuildPhase section */

/* Begin PBXGroup section */
		9524FE582814DF7300031980 /* View */ = {
			isa = PBXGroup;
			children = (
				95B3341C28199253001BF021 /* Home */,
				95B3341D28199272001BF021 /* Playlist */,
				95B3342E2819E8C7001BF021 /* Search */,
				9576DB022830949C00AE1F5E /* RoomInfo */,
			);
			path = View;
			sourceTree = "<group>";
		};
		9524FE592814DF7900031980 /* Model */ = {
			isa = PBXGroup;
			children = (
				95CDF5D02815777700E98B91 /* User.swift */,
				95D526D52816661F00E633B4 /* Room.swift */,
				95B334222819A352001BF021 /* Song.swift */,
				95B334242819A5CF001BF021 /* PlaylistItem.swift */,
				95420BCC2827AD2400EEAE05 /* SearchResultItem.swift */,
			);
			path = Model;
			sourceTree = "<group>";
		};
		9524FE5A2814DF7D00031980 /* Controller */ = {
			isa = PBXGroup;
			children = (
				95CDF5C8281506E000E98B91 /* HomeViewController.swift */,
				95B3341A281990CF001BF021 /* PlaylistViewController.swift */,
				95B3342A2819D20A001BF021 /* SearchViewController.swift */,
				953FC170282A286300BC0620 /* SongInfoViewController.swift */,
				9576DB002830919A00AE1F5E /* RoomInfoViewController.swift */,
				95CABF77283628140082432E /* PolicyViewController.swift */,
			);
			path = Controller;
			sourceTree = "<group>";
		};
		9537A46B282E3A2D0090A013 /* PlaylistAPI */ = {
			isa = PBXGroup;
			children = (
				9537A46C282E3AAB0090A013 /* SpotifyPlaylistAPI.swift */,
				9576DAFE28306B6B00AE1F5E /* SpotifyPlaylistResponse.swift */,
			);
			path = PlaylistAPI;
			sourceTree = "<group>";
		};
		9559FB8628143210008E6FF3 = {
			isa = PBXGroup;
			children = (
				9559FB9128143210008E6FF3 /* QueUp */,
				9559FB9028143210008E6FF3 /* Products */,
				95B3344C281A6B02001BF021 /* Frameworks */,
			);
			sourceTree = "<group>";
		};
		9559FB9028143210008E6FF3 /* Products */ = {
			isa = PBXGroup;
			children = (
				9559FB8F28143210008E6FF3 /* QueUp.app */,
			);
			name = Products;
			sourceTree = "<group>";
		};
		9559FB9128143210008E6FF3 /* QueUp */ = {
			isa = PBXGroup;
			children = (
				95B33448281A43CC001BF021 /* App */,
				95B33449281A44AD001BF021 /* Client */,
				95CDF5D72815E1B900E98B91 /* Respository */,
				95CDF5CD2815077000E98B91 /* Service */,
				9524FE592814DF7900031980 /* Model */,
				95CDF5CA2815070900E98B91 /* ViewModel */,
				9524FE582814DF7300031980 /* View */,
				9524FE5A2814DF7D00031980 /* Controller */,
				95B9A96D282E0C9400146B92 /* Extension */,
				95CDF5D52815D5E600E98B91 /* StoryBoard */,
				95CDF5D32815D5A600E98B91 /* Resource */,
				95CDF5D62815D68F00E98B91 /* SupportFiles */,
				95B334432819FFD2001BF021 /* Framework */,
			);
			path = QueUp;
			sourceTree = "<group>";
		};
		9576DAF928305B0A00AE1F5E /* UsersAPI */ = {
			isa = PBXGroup;
			children = (
				9576DAFA28305B4400AE1F5E /* SpotifyUsersAPI.swift */,
				9576DAFC283069CA00AE1F5E /* SpotifyUsersResponse.swift */,
			);
			path = UsersAPI;
			sourceTree = "<group>";
		};
		9576DB022830949C00AE1F5E /* RoomInfo */ = {
			isa = PBXGroup;
			children = (
				9576DB0528309CED00AE1F5E /* RoomInfoTableViewCell.swift */,
				9576DB03283094C900AE1F5E /* SpotifyLinkTableViewCell.swift */,
			);
			path = RoomInfo;
			sourceTree = "<group>";
		};
		95B3341C28199253001BF021 /* Home */ = {
			isa = PBXGroup;
			children = (
				95BBC52C2836133300529D4F /* SwitchControl.swift */,
				9524FE5B2814DF9300031980 /* HomeFormView.swift */,
				9524D2C228333EBF00A36097 /* HomeFormSegmentedControl.swift */,
				9524D2C128333EBF00A36097 /* HomeFormButton.swift */,
				9524D2C328333EBF00A36097 /* HomeFormTextField.swift */,
			);
			path = Home;
			sourceTree = "<group>";
		};
		95B3341D28199272001BF021 /* Playlist */ = {
			isa = PBXGroup;
			children = (
				953FC174282AE4C200BC0620 /* UserCollectionViewCell.swift */,
				95B3341E281992F5001BF021 /* PlaylistTableViewCell.swift */,
			);
			path = Playlist;
			sourceTree = "<group>";
		};
		95B3342E2819E8C7001BF021 /* Search */ = {
			isa = PBXGroup;
			children = (
				95B3342F2819E913001BF021 /* SearchResultTableViewCell.swift */,
			);
			path = Search;
			sourceTree = "<group>";
		};
		95B334432819FFD2001BF021 /* Framework */ = {
			isa = PBXGroup;
			children = (
				95B334442819FFE3001BF021 /* SpotifyiOS.xcframework */,
			);
			path = Framework;
			sourceTree = "<group>";
		};
		95B33448281A43CC001BF021 /* App */ = {
			isa = PBXGroup;
			children = (
				9559FB9228143210008E6FF3 /* AppDelegate.swift */,
				9559FB9428143210008E6FF3 /* SceneDelegate.swift */,
			);
			path = App;
			sourceTree = "<group>";
		};
		95B33449281A44AD001BF021 /* Client */ = {
			isa = PBXGroup;
			children = (
				95B3344A281A44C4001BF021 /* APIClient.swift */,
				95DD89802823650E0021DB18 /* APIRequest.swift */,
				95DD898E2827753F0021DB18 /* APIEndpoint.swift */,
				953A965E28391FFB00281C47 /* APIClientError.swift */,
				95DD898828275E300021DB18 /* HTTPMethod.swift */,
				95DD898A28275E3B0021DB18 /* HTTPAuthorization.swift */,
				95DD898C28275E520021DB18 /* HTTPContentType.swift */,
				95DD897B281B8C430021DB18 /* Spotify */,
			);
			path = Client;
			sourceTree = "<group>";
		};
		95B3344C281A6B02001BF021 /* Frameworks */ = {
			isa = PBXGroup;
			children = (
			);
			name = Frameworks;
			sourceTree = "<group>";
		};
		95B9A967282DFED300146B92 /* Firestore */ = {
			isa = PBXGroup;
			children = (
				95CDF5D82815E26600E98B91 /* FirestoreRepository.swift */,
			);
			path = Firestore;
			sourceTree = "<group>";
		};
		95B9A968282DFEE600146B92 /* UserDefaults */ = {
			isa = PBXGroup;
			children = (
				95B9A969282DFEFF00146B92 /* UserDefaultsProperty.swift */,
				95B9A96A282DFEFF00146B92 /* UserDefaultsRepository.swift */,
			);
			path = UserDefaults;
			sourceTree = "<group>";
		};
		95B9A96D282E0C9400146B92 /* Extension */ = {
			isa = PBXGroup;
			children = (
				95B9A96E282E0CDD00146B92 /* UIViewController+Alert.swift */,
				9573F65F283F3FC900CB1642 /* UIViewController+ActivityIndicator.swift */,
			);
			path = Extension;
			sourceTree = "<group>";
		};
		95CDF5CA2815070900E98B91 /* ViewModel */ = {
			isa = PBXGroup;
			children = (
				95CDF5CB2815071F00E98B91 /* HomeViewModel.swift */,
				95B9A965282CB31E00146B92 /* RoomViewModel.swift */,
				95B9A963282CB31400146B92 /* UsersViewModel.swift */,
				95B3342028199A6A001BF021 /* PlaylistViewModel.swift */,
				95B3342C2819D50E001BF021 /* SearchViewModel.swift */,
				953FC172282A296800BC0620 /* SongInfoViewModel.swift */,
			);
			path = ViewModel;
			sourceTree = "<group>";
		};
		95CDF5CD2815077000E98B91 /* Service */ = {
			isa = PBXGroup;
			children = (
				95CDF5CE2815079800E98B91 /* AuthService.swift */,
				958698E528176ADA00FA3E15 /* RoomService.swift */,
				953FC176282B739F00BC0620 /* UserService.swift */,
				95420BCE2827B48E00EEAE05 /* PlaylistService.swift */,
				95DD897E281CBA6A0021DB18 /* SpotifyService.swift */,
				9576DAF7282F6E2E00AE1F5E /* SpotifyTokenService.swift */,
			);
			path = Service;
			sourceTree = "<group>";
		};
		95CDF5D32815D5A600E98B91 /* Resource */ = {
			isa = PBXGroup;
			children = (
				9559FB9B28143211008E6FF3 /* Assets.xcassets */,
			);
			path = Resource;
			sourceTree = "<group>";
		};
		95CDF5D52815D5E600E98B91 /* StoryBoard */ = {
			isa = PBXGroup;
			children = (
				9559FB9828143210008E6FF3 /* Main.storyboard */,
				9559FB9D28143211008E6FF3 /* LaunchScreen.storyboard */,
			);
			path = StoryBoard;
			sourceTree = "<group>";
		};
		95CDF5D62815D68F00E98B91 /* SupportFiles */ = {
			isa = PBXGroup;
			children = (
				9559FBA028143211008E6FF3 /* Info.plist */,
				95C7087E2814C23B0073A058 /* GoogleService-Info.plist */,
				95B33446281A0034001BF021 /* QueUp-Bridging-Header.h */,
			);
			path = SupportFiles;
			sourceTree = "<group>";
		};
		95CDF5D72815E1B900E98B91 /* Respository */ = {
			isa = PBXGroup;
			children = (
				95B9A968282DFEE600146B92 /* UserDefaults */,
				95B9A967282DFED300146B92 /* Firestore */,
			);
			path = Respository;
			sourceTree = "<group>";
		};
		95D4E4FF28337E4300A05FC9 /* PlayerAPI */ = {
			isa = PBXGroup;
			children = (
				95D4E50028337E6000A05FC9 /* SpotifyPlayerAPI.swift */,
			);
			path = PlayerAPI;
			sourceTree = "<group>";
		};
		95DD897B281B8C430021DB18 /* Spotify */ = {
			isa = PBXGroup;
			children = (
				95DD89842824B5190021DB18 /* AccountsAPI */,
				95DD89852824B52C0021DB18 /* SearchAPI */,
				9576DAF928305B0A00AE1F5E /* UsersAPI */,
				9537A46B282E3A2D0090A013 /* PlaylistAPI */,
				95D4E4FF28337E4300A05FC9 /* PlayerAPI */,
			);
			path = Spotify;
			sourceTree = "<group>";
		};
		95DD89842824B5190021DB18 /* AccountsAPI */ = {
			isa = PBXGroup;
			children = (
				95DD8979281B88EF0021DB18 /* SpotifyAccountsAPI.swift */,
				95DD898228237EFC0021DB18 /* SpotifyAccountsResponse.swift */,
			);
			path = AccountsAPI;
			sourceTree = "<group>";
		};
		95DD89852824B52C0021DB18 /* SearchAPI */ = {
			isa = PBXGroup;
			children = (
				95DD89862824B57A0021DB18 /* SpotifySearchAPI.swift */,
				95420BCA28278C4900EEAE05 /* SpotifySearchResponse.swift */,
			);
			path = SearchAPI;
			sourceTree = "<group>";
		};
/* End PBXGroup section */

/* Begin PBXNativeTarget section */
		9559FB8E28143210008E6FF3 /* QueUp */ = {
			isa = PBXNativeTarget;
			buildConfigurationList = 9559FBA328143211008E6FF3 /* Build configuration list for PBXNativeTarget "QueUp" */;
			buildPhases = (
				9559FB8B28143210008E6FF3 /* Sources */,
				9559FB8C28143210008E6FF3 /* Frameworks */,
				9559FB8D28143210008E6FF3 /* Resources */,
				95C7087D2814BEF60073A058 /* ShellScript */,
				95B3344F281A6B02001BF021 /* Embed Frameworks */,
			);
			buildRules = (
			);
			dependencies = (
			);
			name = QueUp;
			packageProductDependencies = (
				95B9A95B282B967500146B92 /* FirebaseAuth */,
				95B9A95D282B967500146B92 /* FirebaseCrashlytics */,
				95B9A95F282B967500146B92 /* FirebaseFirestore */,
				95B9A961282B967500146B92 /* FirebaseFirestoreSwift */,
				9537A469282E302F0090A013 /* SDWebImage */,
				9573F65D283F3F0A00CB1642 /* NVActivityIndicatorView */,
			);
			productName = QueUp;
			productReference = 9559FB8F28143210008E6FF3 /* QueUp.app */;
			productType = "com.apple.product-type.application";
		};
/* End PBXNativeTarget section */

/* Begin PBXProject section */
		9559FB8728143210008E6FF3 /* Project object */ = {
			isa = PBXProject;
			attributes = {
				BuildIndependentTargetsInParallel = 1;
				LastSwiftUpdateCheck = 1330;
				LastUpgradeCheck = 1330;
				TargetAttributes = {
					9559FB8E28143210008E6FF3 = {
						CreatedOnToolsVersion = 13.3.1;
					};
				};
			};
			buildConfigurationList = 9559FB8A28143210008E6FF3 /* Build configuration list for PBXProject "QueUp" */;
			compatibilityVersion = "Xcode 13.0";
			developmentRegion = en;
			hasScannedForEncodings = 0;
			knownRegions = (
				en,
				Base,
			);
			mainGroup = 9559FB8628143210008E6FF3;
			packageReferences = (
				95B9A95A282B967500146B92 /* XCRemoteSwiftPackageReference "firebase-ios-sdk" */,
				9537A468282E302F0090A013 /* XCRemoteSwiftPackageReference "SDWebImage" */,
				9573F65C283F3F0A00CB1642 /* XCRemoteSwiftPackageReference "NVActivityIndicatorView" */,
			);
			productRefGroup = 9559FB9028143210008E6FF3 /* Products */;
			projectDirPath = "";
			projectRoot = "";
			targets = (
				9559FB8E28143210008E6FF3 /* QueUp */,
			);
		};
/* End PBXProject section */

/* Begin PBXResourcesBuildPhase section */
		9559FB8D28143210008E6FF3 /* Resources */ = {
			isa = PBXResourcesBuildPhase;
			buildActionMask = 2147483647;
			files = (
				9559FB9F28143211008E6FF3 /* LaunchScreen.storyboard in Resources */,
				9559FB9C28143211008E6FF3 /* Assets.xcassets in Resources */,
				95C7087F2814C23B0073A058 /* GoogleService-Info.plist in Resources */,
				9559FB9A28143210008E6FF3 /* Main.storyboard in Resources */,
			);
			runOnlyForDeploymentPostprocessing = 0;
		};
/* End PBXResourcesBuildPhase section */

/* Begin PBXShellScriptBuildPhase section */
		95C7087D2814BEF60073A058 /* ShellScript */ = {
			isa = PBXShellScriptBuildPhase;
			buildActionMask = 2147483647;
			files = (
			);
			inputFileListPaths = (
			);
			inputPaths = (
				"${DWARF_DSYM_FOLDER_PATH}/${DWARF_DSYM_FILE_NAME}/Contents/Resources/DWARF/${TARGET_NAME}",
				"$(SRCROOT)/$(BUILT_PRODUCTS_DIR)/$(INFOPLIST_PATH)",
			);
			outputFileListPaths = (
			);
			outputPaths = (
			);
			runOnlyForDeploymentPostprocessing = 0;
			shellPath = /bin/sh;
			shellScript = "\"${BUILD_DIR%/Build/*}/SourcePackages/checkouts/firebase-ios-sdk/Crashlytics/run\"\n";
		};
/* End PBXShellScriptBuildPhase section */

/* Begin PBXSourcesBuildPhase section */
		9559FB8B28143210008E6FF3 /* Sources */ = {
			isa = PBXSourcesBuildPhase;
			buildActionMask = 2147483647;
			files = (
				9576DAFF28306B6B00AE1F5E /* SpotifyPlaylistResponse.swift in Sources */,
				95B9A96C282DFEFF00146B92 /* UserDefaultsRepository.swift in Sources */,
				958698E628176ADA00FA3E15 /* RoomService.swift in Sources */,
				9524FE5C2814DF9300031980 /* HomeFormView.swift in Sources */,
				95DD89812823650E0021DB18 /* APIRequest.swift in Sources */,
				9559FB9328143210008E6FF3 /* AppDelegate.swift in Sources */,
				95B3342B2819D20A001BF021 /* SearchViewController.swift in Sources */,
				95DD898F2827753F0021DB18 /* APIEndpoint.swift in Sources */,
				9576DAFB28305B4400AE1F5E /* SpotifyUsersAPI.swift in Sources */,
				9524D2C528333EBF00A36097 /* HomeFormSegmentedControl.swift in Sources */,
				95B3344B281A44C4001BF021 /* APIClient.swift in Sources */,
				95B3342D2819D50E001BF021 /* SearchViewModel.swift in Sources */,
				9537A46D282E3AAB0090A013 /* SpotifyPlaylistAPI.swift in Sources */,
				95B3341B281990CF001BF021 /* PlaylistViewController.swift in Sources */,
				95D4E50128337E6000A05FC9 /* SpotifyPlayerAPI.swift in Sources */,
				953FC175282AE4C200BC0620 /* UserCollectionViewCell.swift in Sources */,
				95DD89872824B57A0021DB18 /* SpotifySearchAPI.swift in Sources */,
				953FC171282A286300BC0620 /* SongInfoViewController.swift in Sources */,
				95420BCF2827B48E00EEAE05 /* PlaylistService.swift in Sources */,
				9524D2C628333EBF00A36097 /* HomeFormTextField.swift in Sources */,
				9576DAFD283069CA00AE1F5E /* SpotifyUsersResponse.swift in Sources */,
				9576DB0628309CED00AE1F5E /* RoomInfoTableViewCell.swift in Sources */,
				95DD898328237EFC0021DB18 /* SpotifyAccountsResponse.swift in Sources */,
				95B9A96F282E0CDD00146B92 /* UIViewController+Alert.swift in Sources */,
				95DD897F281CBA6A0021DB18 /* SpotifyService.swift in Sources */,
				9524D2C428333EBF00A36097 /* HomeFormButton.swift in Sources */,
				9559FB9528143210008E6FF3 /* SceneDelegate.swift in Sources */,
				95DD897A281B88EF0021DB18 /* SpotifyAccountsAPI.swift in Sources */,
				95CDF5CC2815071F00E98B91 /* HomeViewModel.swift in Sources */,
				95DD898928275E300021DB18 /* HTTPMethod.swift in Sources */,
				9576DAF8282F6E2E00AE1F5E /* SpotifyTokenService.swift in Sources */,
				95DD898D28275E520021DB18 /* HTTPContentType.swift in Sources */,
				95CDF5C9281506E000E98B91 /* HomeViewController.swift in Sources */,
				95420BCB28278C4900EEAE05 /* SpotifySearchResponse.swift in Sources */,
				95BBC52D2836133300529D4F /* SwitchControl.swift in Sources */,
				9576DB04283094C900AE1F5E /* SpotifyLinkTableViewCell.swift in Sources */,
				95B334252819A5CF001BF021 /* PlaylistItem.swift in Sources */,
				9576DB012830919A00AE1F5E /* RoomInfoViewController.swift in Sources */,
				95CABF78283628140082432E /* PolicyViewController.swift in Sources */,
				95B9A96B282DFEFF00146B92 /* UserDefaultsProperty.swift in Sources */,
				95CDF5CF2815079800E98B91 /* AuthService.swift in Sources */,
				95B3341F281992F5001BF021 /* PlaylistTableViewCell.swift in Sources */,
				95B9A964282CB31400146B92 /* UsersViewModel.swift in Sources */,
				95B334302819E913001BF021 /* SearchResultTableViewCell.swift in Sources */,
				95CDF5D12815777700E98B91 /* User.swift in Sources */,
				9573F660283F3FC900CB1642 /* UIViewController+ActivityIndicator.swift in Sources */,
				95420BCD2827AD2400EEAE05 /* SearchResultItem.swift in Sources */,
				95DD898B28275E3B0021DB18 /* HTTPAuthorization.swift in Sources */,
				95B334232819A352001BF021 /* Song.swift in Sources */,
				95B3342128199A6A001BF021 /* PlaylistViewModel.swift in Sources */,
				95B9A966282CB31E00146B92 /* RoomViewModel.swift in Sources */,
				953FC177282B739F00BC0620 /* UserService.swift in Sources */,
				953FC173282A296800BC0620 /* SongInfoViewModel.swift in Sources */,
				95CDF5D92815E26600E98B91 /* FirestoreRepository.swift in Sources */,
				953A965F28391FFB00281C47 /* APIClientError.swift in Sources */,
				95D526D62816661F00E633B4 /* Room.swift in Sources */,
			);
			runOnlyForDeploymentPostprocessing = 0;
		};
/* End PBXSourcesBuildPhase section */

/* Begin PBXVariantGroup section */
		9559FB9828143210008E6FF3 /* Main.storyboard */ = {
			isa = PBXVariantGroup;
			children = (
				9559FB9928143210008E6FF3 /* Base */,
			);
			name = Main.storyboard;
			sourceTree = "<group>";
		};
		9559FB9D28143211008E6FF3 /* LaunchScreen.storyboard */ = {
			isa = PBXVariantGroup;
			children = (
				9559FB9E28143211008E6FF3 /* Base */,
			);
			name = LaunchScreen.storyboard;
			sourceTree = "<group>";
		};
/* End PBXVariantGroup section */

/* Begin XCBuildConfiguration section */
		9559FBA128143211008E6FF3 /* Debug */ = {
			isa = XCBuildConfiguration;
			buildSettings = {
				ALWAYS_SEARCH_USER_PATHS = NO;
				CLANG_ANALYZER_NONNULL = YES;
				CLANG_ANALYZER_NUMBER_OBJECT_CONVERSION = YES_AGGRESSIVE;
				CLANG_CXX_LANGUAGE_STANDARD = "gnu++17";
				CLANG_ENABLE_MODULES = YES;
				CLANG_ENABLE_OBJC_ARC = YES;
				CLANG_ENABLE_OBJC_WEAK = YES;
				CLANG_WARN_BLOCK_CAPTURE_AUTORELEASING = YES;
				CLANG_WARN_BOOL_CONVERSION = YES;
				CLANG_WARN_COMMA = YES;
				CLANG_WARN_CONSTANT_CONVERSION = YES;
				CLANG_WARN_DEPRECATED_OBJC_IMPLEMENTATIONS = YES;
				CLANG_WARN_DIRECT_OBJC_ISA_USAGE = YES_ERROR;
				CLANG_WARN_DOCUMENTATION_COMMENTS = YES;
				CLANG_WARN_EMPTY_BODY = YES;
				CLANG_WARN_ENUM_CONVERSION = YES;
				CLANG_WARN_INFINITE_RECURSION = YES;
				CLANG_WARN_INT_CONVERSION = YES;
				CLANG_WARN_NON_LITERAL_NULL_CONVERSION = YES;
				CLANG_WARN_OBJC_IMPLICIT_RETAIN_SELF = YES;
				CLANG_WARN_OBJC_LITERAL_CONVERSION = YES;
				CLANG_WARN_OBJC_ROOT_CLASS = YES_ERROR;
				CLANG_WARN_QUOTED_INCLUDE_IN_FRAMEWORK_HEADER = YES;
				CLANG_WARN_RANGE_LOOP_ANALYSIS = YES;
				CLANG_WARN_STRICT_PROTOTYPES = YES;
				CLANG_WARN_SUSPICIOUS_MOVE = YES;
				CLANG_WARN_UNGUARDED_AVAILABILITY = YES_AGGRESSIVE;
				CLANG_WARN_UNREACHABLE_CODE = YES;
				CLANG_WARN__DUPLICATE_METHOD_MATCH = YES;
				COPY_PHASE_STRIP = NO;
				DEBUG_INFORMATION_FORMAT = dwarf;
				ENABLE_STRICT_OBJC_MSGSEND = YES;
				ENABLE_TESTABILITY = YES;
				GCC_C_LANGUAGE_STANDARD = gnu11;
				GCC_DYNAMIC_NO_PIC = NO;
				GCC_NO_COMMON_BLOCKS = YES;
				GCC_OPTIMIZATION_LEVEL = 0;
				GCC_PREPROCESSOR_DEFINITIONS = (
					"DEBUG=1",
					"$(inherited)",
				);
				GCC_WARN_64_TO_32_BIT_CONVERSION = YES;
				GCC_WARN_ABOUT_RETURN_TYPE = YES_ERROR;
				GCC_WARN_UNDECLARED_SELECTOR = YES;
				GCC_WARN_UNINITIALIZED_AUTOS = YES_AGGRESSIVE;
				GCC_WARN_UNUSED_FUNCTION = YES;
				GCC_WARN_UNUSED_VARIABLE = YES;
				IPHONEOS_DEPLOYMENT_TARGET = 13.2;
				MTL_ENABLE_DEBUG_INFO = INCLUDE_SOURCE;
				MTL_FAST_MATH = YES;
				ONLY_ACTIVE_ARCH = YES;
				SDKROOT = iphoneos;
				SWIFT_ACTIVE_COMPILATION_CONDITIONS = DEBUG;
				SWIFT_OPTIMIZATION_LEVEL = "-Onone";
			};
			name = Debug;
		};
		9559FBA228143211008E6FF3 /* Release */ = {
			isa = XCBuildConfiguration;
			buildSettings = {
				ALWAYS_SEARCH_USER_PATHS = NO;
				CLANG_ANALYZER_NONNULL = YES;
				CLANG_ANALYZER_NUMBER_OBJECT_CONVERSION = YES_AGGRESSIVE;
				CLANG_CXX_LANGUAGE_STANDARD = "gnu++17";
				CLANG_ENABLE_MODULES = YES;
				CLANG_ENABLE_OBJC_ARC = YES;
				CLANG_ENABLE_OBJC_WEAK = YES;
				CLANG_WARN_BLOCK_CAPTURE_AUTORELEASING = YES;
				CLANG_WARN_BOOL_CONVERSION = YES;
				CLANG_WARN_COMMA = YES;
				CLANG_WARN_CONSTANT_CONVERSION = YES;
				CLANG_WARN_DEPRECATED_OBJC_IMPLEMENTATIONS = YES;
				CLANG_WARN_DIRECT_OBJC_ISA_USAGE = YES_ERROR;
				CLANG_WARN_DOCUMENTATION_COMMENTS = YES;
				CLANG_WARN_EMPTY_BODY = YES;
				CLANG_WARN_ENUM_CONVERSION = YES;
				CLANG_WARN_INFINITE_RECURSION = YES;
				CLANG_WARN_INT_CONVERSION = YES;
				CLANG_WARN_NON_LITERAL_NULL_CONVERSION = YES;
				CLANG_WARN_OBJC_IMPLICIT_RETAIN_SELF = YES;
				CLANG_WARN_OBJC_LITERAL_CONVERSION = YES;
				CLANG_WARN_OBJC_ROOT_CLASS = YES_ERROR;
				CLANG_WARN_QUOTED_INCLUDE_IN_FRAMEWORK_HEADER = YES;
				CLANG_WARN_RANGE_LOOP_ANALYSIS = YES;
				CLANG_WARN_STRICT_PROTOTYPES = YES;
				CLANG_WARN_SUSPICIOUS_MOVE = YES;
				CLANG_WARN_UNGUARDED_AVAILABILITY = YES_AGGRESSIVE;
				CLANG_WARN_UNREACHABLE_CODE = YES;
				CLANG_WARN__DUPLICATE_METHOD_MATCH = YES;
				COPY_PHASE_STRIP = NO;
				DEBUG_INFORMATION_FORMAT = "dwarf-with-dsym";
				ENABLE_NS_ASSERTIONS = NO;
				ENABLE_STRICT_OBJC_MSGSEND = YES;
				GCC_C_LANGUAGE_STANDARD = gnu11;
				GCC_NO_COMMON_BLOCKS = YES;
				GCC_WARN_64_TO_32_BIT_CONVERSION = YES;
				GCC_WARN_ABOUT_RETURN_TYPE = YES_ERROR;
				GCC_WARN_UNDECLARED_SELECTOR = YES;
				GCC_WARN_UNINITIALIZED_AUTOS = YES_AGGRESSIVE;
				GCC_WARN_UNUSED_FUNCTION = YES;
				GCC_WARN_UNUSED_VARIABLE = YES;
				IPHONEOS_DEPLOYMENT_TARGET = 13.2;
				MTL_ENABLE_DEBUG_INFO = NO;
				MTL_FAST_MATH = YES;
				SDKROOT = iphoneos;
				SWIFT_COMPILATION_MODE = wholemodule;
				SWIFT_OPTIMIZATION_LEVEL = "-O";
				VALIDATE_PRODUCT = YES;
			};
			name = Release;
		};
		9559FBA428143211008E6FF3 /* Debug */ = {
			isa = XCBuildConfiguration;
			buildSettings = {
				ASSETCATALOG_COMPILER_APPICON_NAME = AppIcon;
				ASSETCATALOG_COMPILER_GLOBAL_ACCENT_COLOR_NAME = AccentColor;
				CODE_SIGN_STYLE = Automatic;
				CURRENT_PROJECT_VERSION = 1;
				DEBUG_INFORMATION_FORMAT = "dwarf-with-dsym";
				DEVELOPMENT_TEAM = VBG939BMVJ;
				GENERATE_INFOPLIST_FILE = YES;
				INFOPLIST_FILE = QueUp/SupportFiles/Info.plist;
				INFOPLIST_KEY_UIApplicationSupportsIndirectInputEvents = YES;
				INFOPLIST_KEY_UILaunchStoryboardName = LaunchScreen;
				INFOPLIST_KEY_UIMainStoryboardFile = Main;
				INFOPLIST_KEY_UISupportedInterfaceOrientations = "";
				INFOPLIST_KEY_UISupportedInterfaceOrientations_iPad = "UIInterfaceOrientationPortrait UIInterfaceOrientationPortraitUpsideDown UIInterfaceOrientationLandscapeLeft UIInterfaceOrientationLandscapeRight";
				INFOPLIST_KEY_UISupportedInterfaceOrientations_iPhone = UIInterfaceOrientationPortrait;
				LD_RUNPATH_SEARCH_PATHS = (
					"$(inherited)",
					"@executable_path/Frameworks",
				);
				MARKETING_VERSION = 1.0;
				PRODUCT_BUNDLE_IDENTIFIER = com.louismenacho.queup;
				PRODUCT_NAME = "$(TARGET_NAME)";
				SWIFT_EMIT_LOC_STRINGS = YES;
				SWIFT_OBJC_BRIDGING_HEADER = "QueUp/SupportFiles/QueUp-Bridging-Header.h";
				SWIFT_VERSION = 5.0;
				TARGETED_DEVICE_FAMILY = 1;
			};
			name = Debug;
		};
		9559FBA528143211008E6FF3 /* Release */ = {
			isa = XCBuildConfiguration;
			buildSettings = {
				ASSETCATALOG_COMPILER_APPICON_NAME = AppIcon;
				ASSETCATALOG_COMPILER_GLOBAL_ACCENT_COLOR_NAME = AccentColor;
				CODE_SIGN_STYLE = Automatic;
				CURRENT_PROJECT_VERSION = 1;
				DEBUG_INFORMATION_FORMAT = "dwarf-with-dsym";
				DEVELOPMENT_TEAM = VBG939BMVJ;
				GENERATE_INFOPLIST_FILE = YES;
				INFOPLIST_FILE = QueUp/SupportFiles/Info.plist;
				INFOPLIST_KEY_UIApplicationSupportsIndirectInputEvents = YES;
				INFOPLIST_KEY_UILaunchStoryboardName = LaunchScreen;
				INFOPLIST_KEY_UIMainStoryboardFile = Main;
				INFOPLIST_KEY_UISupportedInterfaceOrientations = "";
				INFOPLIST_KEY_UISupportedInterfaceOrientations_iPad = "UIInterfaceOrientationPortrait UIInterfaceOrientationPortraitUpsideDown UIInterfaceOrientationLandscapeLeft UIInterfaceOrientationLandscapeRight";
				INFOPLIST_KEY_UISupportedInterfaceOrientations_iPhone = UIInterfaceOrientationPortrait;
				LD_RUNPATH_SEARCH_PATHS = (
					"$(inherited)",
					"@executable_path/Frameworks",
				);
				MARKETING_VERSION = 1.0;
				PRODUCT_BUNDLE_IDENTIFIER = com.louismenacho.queup;
				PRODUCT_NAME = "$(TARGET_NAME)";
				SWIFT_EMIT_LOC_STRINGS = YES;
				SWIFT_OBJC_BRIDGING_HEADER = "QueUp/SupportFiles/QueUp-Bridging-Header.h";
				SWIFT_VERSION = 5.0;
				TARGETED_DEVICE_FAMILY = 1;
			};
			name = Release;
		};
/* End XCBuildConfiguration section */

/* Begin XCConfigurationList section */
		9559FB8A28143210008E6FF3 /* Build configuration list for PBXProject "QueUp" */ = {
			isa = XCConfigurationList;
			buildConfigurations = (
				9559FBA128143211008E6FF3 /* Debug */,
				9559FBA228143211008E6FF3 /* Release */,
			);
			defaultConfigurationIsVisible = 0;
			defaultConfigurationName = Release;
		};
		9559FBA328143211008E6FF3 /* Build configuration list for PBXNativeTarget "QueUp" */ = {
			isa = XCConfigurationList;
			buildConfigurations = (
				9559FBA428143211008E6FF3 /* Debug */,
				9559FBA528143211008E6FF3 /* Release */,
			);
			defaultConfigurationIsVisible = 0;
			defaultConfigurationName = Release;
		};
/* End XCConfigurationList section */

/* Begin XCRemoteSwiftPackageReference section */
		9537A468282E302F0090A013 /* XCRemoteSwiftPackageReference "SDWebImage" */ = {
			isa = XCRemoteSwiftPackageReference;
			repositoryURL = "https://github.com/SDWebImage/SDWebImage";
			requirement = {
				kind = upToNextMajorVersion;
				minimumVersion = 5.0.0;
			};
		};
		9573F65C283F3F0A00CB1642 /* XCRemoteSwiftPackageReference "NVActivityIndicatorView" */ = {
			isa = XCRemoteSwiftPackageReference;
			repositoryURL = "https://github.com/ninjaprox/NVActivityIndicatorView.git";
			requirement = {
				kind = upToNextMajorVersion;
				minimumVersion = 5.0.0;
			};
		};
		95B9A95A282B967500146B92 /* XCRemoteSwiftPackageReference "firebase-ios-sdk" */ = {
			isa = XCRemoteSwiftPackageReference;
			repositoryURL = "http://github.com/firebase/firebase-ios-sdk.git";
			requirement = {
				kind = upToNextMajorVersion;
				minimumVersion = 9.0.0;
			};
		};
/* End XCRemoteSwiftPackageReference section */

/* Begin XCSwiftPackageProductDependency section */
		9537A469282E302F0090A013 /* SDWebImage */ = {
			isa = XCSwiftPackageProductDependency;
			package = 9537A468282E302F0090A013 /* XCRemoteSwiftPackageReference "SDWebImage" */;
			productName = SDWebImage;
		};
		9573F65D283F3F0A00CB1642 /* NVActivityIndicatorView */ = {
			isa = XCSwiftPackageProductDependency;
			package = 9573F65C283F3F0A00CB1642 /* XCRemoteSwiftPackageReference "NVActivityIndicatorView" */;
			productName = NVActivityIndicatorView;
		};
		95B9A95B282B967500146B92 /* FirebaseAuth */ = {
			isa = XCSwiftPackageProductDependency;
			package = 95B9A95A282B967500146B92 /* XCRemoteSwiftPackageReference "firebase-ios-sdk" */;
			productName = FirebaseAuth;
		};
		95B9A95D282B967500146B92 /* FirebaseCrashlytics */ = {
			isa = XCSwiftPackageProductDependency;
			package = 95B9A95A282B967500146B92 /* XCRemoteSwiftPackageReference "firebase-ios-sdk" */;
			productName = FirebaseCrashlytics;
		};
		95B9A95F282B967500146B92 /* FirebaseFirestore */ = {
			isa = XCSwiftPackageProductDependency;
			package = 95B9A95A282B967500146B92 /* XCRemoteSwiftPackageReference "firebase-ios-sdk" */;
			productName = FirebaseFirestore;
		};
		95B9A961282B967500146B92 /* FirebaseFirestoreSwift */ = {
			isa = XCSwiftPackageProductDependency;
			package = 95B9A95A282B967500146B92 /* XCRemoteSwiftPackageReference "firebase-ios-sdk" */;
			productName = FirebaseFirestoreSwift;
		};
/* End XCSwiftPackageProductDependency section */
	};
	rootObject = 9559FB8728143210008E6FF3 /* Project object */;
}
