// !$*UTF8*$!
{
	archiveVersion = 1;
	classes = {
	};
	objectVersion = 55;
	objects = {

/* Begin PBXBuildFile section */
		9524FE5C2814DF9300031980 /* HomeFormView.swift in Sources */ = {isa = PBXBuildFile; fileRef = 9524FE5B2814DF9300031980 /* HomeFormView.swift */; };
		95535B4B28164415001FFC19 /* UserRepository.swift in Sources */ = {isa = PBXBuildFile; fileRef = 95535B4A28164415001FFC19 /* UserRepository.swift */; };
		9559FB9328143210008E6FF3 /* AppDelegate.swift in Sources */ = {isa = PBXBuildFile; fileRef = 9559FB9228143210008E6FF3 /* AppDelegate.swift */; };
		9559FB9528143210008E6FF3 /* SceneDelegate.swift in Sources */ = {isa = PBXBuildFile; fileRef = 9559FB9428143210008E6FF3 /* SceneDelegate.swift */; };
		9559FB9A28143210008E6FF3 /* Main.storyboard in Resources */ = {isa = PBXBuildFile; fileRef = 9559FB9828143210008E6FF3 /* Main.storyboard */; };
		9559FB9C28143211008E6FF3 /* Assets.xcassets in Resources */ = {isa = PBXBuildFile; fileRef = 9559FB9B28143211008E6FF3 /* Assets.xcassets */; };
		9559FB9F28143211008E6FF3 /* LaunchScreen.storyboard in Resources */ = {isa = PBXBuildFile; fileRef = 9559FB9D28143211008E6FF3 /* LaunchScreen.storyboard */; };
		95C7087628143E6B0073A058 /* FirebaseAuth in Frameworks */ = {isa = PBXBuildFile; productRef = 95C7087528143E6B0073A058 /* FirebaseAuth */; };
		95C7087828143E6B0073A058 /* FirebaseCrashlytics in Frameworks */ = {isa = PBXBuildFile; productRef = 95C7087728143E6B0073A058 /* FirebaseCrashlytics */; };
		95C7087A28143E6B0073A058 /* FirebaseFirestore in Frameworks */ = {isa = PBXBuildFile; productRef = 95C7087928143E6B0073A058 /* FirebaseFirestore */; };
		95C7087C28143E6B0073A058 /* FirebaseFirestoreSwift-Beta in Frameworks */ = {isa = PBXBuildFile; productRef = 95C7087B28143E6B0073A058 /* FirebaseFirestoreSwift-Beta */; };
		95C7087F2814C23B0073A058 /* GoogleService-Info.plist in Resources */ = {isa = PBXBuildFile; fileRef = 95C7087E2814C23B0073A058 /* GoogleService-Info.plist */; };
		95CDF5C9281506E000E98B91 /* HomeViewController.swift in Sources */ = {isa = PBXBuildFile; fileRef = 95CDF5C8281506E000E98B91 /* HomeViewController.swift */; };
		95CDF5CC2815071F00E98B91 /* HomeViewModel.swift in Sources */ = {isa = PBXBuildFile; fileRef = 95CDF5CB2815071F00E98B91 /* HomeViewModel.swift */; };
		95CDF5CF2815079800E98B91 /* AuthService.swift in Sources */ = {isa = PBXBuildFile; fileRef = 95CDF5CE2815079800E98B91 /* AuthService.swift */; };
		95CDF5D12815777700E98B91 /* User.swift in Sources */ = {isa = PBXBuildFile; fileRef = 95CDF5D02815777700E98B91 /* User.swift */; };
		95CDF5D92815E26600E98B91 /* FirestoreRepository.swift in Sources */ = {isa = PBXBuildFile; fileRef = 95CDF5D82815E26600E98B91 /* FirestoreRepository.swift */; };
		95D526D4281665E000E633B4 /* RoomRepository.swift in Sources */ = {isa = PBXBuildFile; fileRef = 95D526D3281665E000E633B4 /* RoomRepository.swift */; };
		95D526D62816661F00E633B4 /* Room.swift in Sources */ = {isa = PBXBuildFile; fileRef = 95D526D52816661F00E633B4 /* Room.swift */; };
/* End PBXBuildFile section */

/* Begin PBXFileReference section */
		9524FE5B2814DF9300031980 /* HomeFormView.swift */ = {isa = PBXFileReference; lastKnownFileType = sourcecode.swift; path = HomeFormView.swift; sourceTree = "<group>"; };
		95535B4A28164415001FFC19 /* UserRepository.swift */ = {isa = PBXFileReference; lastKnownFileType = sourcecode.swift; path = UserRepository.swift; sourceTree = "<group>"; };
		9559FB8F28143210008E6FF3 /* QueUp.app */ = {isa = PBXFileReference; explicitFileType = wrapper.application; includeInIndex = 0; path = QueUp.app; sourceTree = BUILT_PRODUCTS_DIR; };
		9559FB9228143210008E6FF3 /* AppDelegate.swift */ = {isa = PBXFileReference; lastKnownFileType = sourcecode.swift; path = AppDelegate.swift; sourceTree = "<group>"; };
		9559FB9428143210008E6FF3 /* SceneDelegate.swift */ = {isa = PBXFileReference; lastKnownFileType = sourcecode.swift; path = SceneDelegate.swift; sourceTree = "<group>"; };
		9559FB9928143210008E6FF3 /* Base */ = {isa = PBXFileReference; lastKnownFileType = file.storyboard; name = Base; path = Base.lproj/Main.storyboard; sourceTree = "<group>"; };
		9559FB9B28143211008E6FF3 /* Assets.xcassets */ = {isa = PBXFileReference; lastKnownFileType = folder.assetcatalog; path = Assets.xcassets; sourceTree = "<group>"; };
		9559FB9E28143211008E6FF3 /* Base */ = {isa = PBXFileReference; lastKnownFileType = file.storyboard; name = Base; path = Base.lproj/LaunchScreen.storyboard; sourceTree = "<group>"; };
		9559FBA028143211008E6FF3 /* Info.plist */ = {isa = PBXFileReference; lastKnownFileType = text.plist.xml; path = Info.plist; sourceTree = "<group>"; };
		95C7087E2814C23B0073A058 /* GoogleService-Info.plist */ = {isa = PBXFileReference; fileEncoding = 4; lastKnownFileType = text.plist.xml; path = "GoogleService-Info.plist"; sourceTree = "<group>"; };
		95CDF5C8281506E000E98B91 /* HomeViewController.swift */ = {isa = PBXFileReference; lastKnownFileType = sourcecode.swift; path = HomeViewController.swift; sourceTree = "<group>"; };
		95CDF5CB2815071F00E98B91 /* HomeViewModel.swift */ = {isa = PBXFileReference; lastKnownFileType = sourcecode.swift; path = HomeViewModel.swift; sourceTree = "<group>"; };
		95CDF5CE2815079800E98B91 /* AuthService.swift */ = {isa = PBXFileReference; lastKnownFileType = sourcecode.swift; path = AuthService.swift; sourceTree = "<group>"; };
		95CDF5D02815777700E98B91 /* User.swift */ = {isa = PBXFileReference; lastKnownFileType = sourcecode.swift; path = User.swift; sourceTree = "<group>"; };
		95CDF5D82815E26600E98B91 /* FirestoreRepository.swift */ = {isa = PBXFileReference; fileEncoding = 4; lastKnownFileType = sourcecode.swift; path = FirestoreRepository.swift; sourceTree = "<group>"; };
		95D526D3281665E000E633B4 /* RoomRepository.swift */ = {isa = PBXFileReference; lastKnownFileType = sourcecode.swift; path = RoomRepository.swift; sourceTree = "<group>"; };
		95D526D52816661F00E633B4 /* Room.swift */ = {isa = PBXFileReference; lastKnownFileType = sourcecode.swift; path = Room.swift; sourceTree = "<group>"; };
/* End PBXFileReference section */

/* Begin PBXFrameworksBuildPhase section */
		9559FB8C28143210008E6FF3 /* Frameworks */ = {
			isa = PBXFrameworksBuildPhase;
			buildActionMask = 2147483647;
			files = (
				95C7087628143E6B0073A058 /* FirebaseAuth in Frameworks */,
				95C7087C28143E6B0073A058 /* FirebaseFirestoreSwift-Beta in Frameworks */,
				95C7087828143E6B0073A058 /* FirebaseCrashlytics in Frameworks */,
				95C7087A28143E6B0073A058 /* FirebaseFirestore in Frameworks */,
			);
			runOnlyForDeploymentPostprocessing = 0;
		};
/* End PBXFrameworksBuildPhase section */

/* Begin PBXGroup section */
		9524FE582814DF7300031980 /* View */ = {
			isa = PBXGroup;
			children = (
				9524FE5B2814DF9300031980 /* HomeFormView.swift */,
			);
			path = View;
			sourceTree = "<group>";
		};
		9524FE592814DF7900031980 /* Model */ = {
			isa = PBXGroup;
			children = (
				95CDF5D02815777700E98B91 /* User.swift */,
				95D526D52816661F00E633B4 /* Room.swift */,
			);
			path = Model;
			sourceTree = "<group>";
		};
		9524FE5A2814DF7D00031980 /* Controller */ = {
			isa = PBXGroup;
			children = (
				95CDF5C8281506E000E98B91 /* HomeViewController.swift */,
			);
			path = Controller;
			sourceTree = "<group>";
		};
		9559FB8628143210008E6FF3 = {
			isa = PBXGroup;
			children = (
				9559FB9128143210008E6FF3 /* QueUp */,
				9559FB9028143210008E6FF3 /* Products */,
			);
			sourceTree = "<group>";
		};
		9559FB9028143210008E6FF3 /* Products */ = {
			isa = PBXGroup;
			children = (
				9559FB8F28143210008E6FF3 /* QueUp.app */,
			);
			name = Products;
			sourceTree = "<group>";
		};
		9559FB9128143210008E6FF3 /* QueUp */ = {
			isa = PBXGroup;
			children = (
				95CDF5D22815D59A00E98B91 /* App */,
				95CDF5D72815E1B900E98B91 /* Respository */,
				95CDF5CD2815077000E98B91 /* Service */,
				9524FE5A2814DF7D00031980 /* Controller */,
				95CDF5CA2815070900E98B91 /* ViewModel */,
				9524FE582814DF7300031980 /* View */,
				9524FE592814DF7900031980 /* Model */,
				95CDF5D52815D5E600E98B91 /* StoryBoard */,
				95CDF5D32815D5A600E98B91 /* Resource */,
				95CDF5D62815D68F00E98B91 /* SupportFiles */,
			);
			path = QueUp;
			sourceTree = "<group>";
		};
		95CDF5CA2815070900E98B91 /* ViewModel */ = {
			isa = PBXGroup;
			children = (
				95CDF5CB2815071F00E98B91 /* HomeViewModel.swift */,
			);
			path = ViewModel;
			sourceTree = "<group>";
		};
		95CDF5CD2815077000E98B91 /* Service */ = {
			isa = PBXGroup;
			children = (
				95CDF5CE2815079800E98B91 /* AuthService.swift */,
			);
			path = Service;
			sourceTree = "<group>";
		};
		95CDF5D22815D59A00E98B91 /* App */ = {
			isa = PBXGroup;
			children = (
				9559FB9228143210008E6FF3 /* AppDelegate.swift */,
				9559FB9428143210008E6FF3 /* SceneDelegate.swift */,
			);
			path = App;
			sourceTree = "<group>";
		};
		95CDF5D32815D5A600E98B91 /* Resource */ = {
			isa = PBXGroup;
			children = (
				9559FB9B28143211008E6FF3 /* Assets.xcassets */,
			);
			path = Resource;
			sourceTree = "<group>";
		};
		95CDF5D52815D5E600E98B91 /* StoryBoard */ = {
			isa = PBXGroup;
			children = (
				9559FB9828143210008E6FF3 /* Main.storyboard */,
				9559FB9D28143211008E6FF3 /* LaunchScreen.storyboard */,
			);
			path = StoryBoard;
			sourceTree = "<group>";
		};
		95CDF5D62815D68F00E98B91 /* SupportFiles */ = {
			isa = PBXGroup;
			children = (
				9559FBA028143211008E6FF3 /* Info.plist */,
				95C7087E2814C23B0073A058 /* GoogleService-Info.plist */,
			);
			path = SupportFiles;
			sourceTree = "<group>";
		};
		95CDF5D72815E1B900E98B91 /* Respository */ = {
			isa = PBXGroup;
			children = (
				95CDF5D82815E26600E98B91 /* FirestoreRepository.swift */,
				95535B4A28164415001FFC19 /* UserRepository.swift */,
				95D526D3281665E000E633B4 /* RoomRepository.swift */,
			);
			path = Respository;
			sourceTree = "<group>";
		};
/* End PBXGroup section */

/* Begin PBXNativeTarget section */
		9559FB8E28143210008E6FF3 /* QueUp */ = {
			isa = PBXNativeTarget;
			buildConfigurationList = 9559FBA328143211008E6FF3 /* Build configuration list for PBXNativeTarget "QueUp" */;
			buildPhases = (
				9559FB8B28143210008E6FF3 /* Sources */,
				9559FB8C28143210008E6FF3 /* Frameworks */,
				9559FB8D28143210008E6FF3 /* Resources */,
				95C7087D2814BEF60073A058 /* ShellScript */,
			);
			buildRules = (
			);
			dependencies = (
			);
			name = QueUp;
			packageProductDependencies = (
				95C7087528143E6B0073A058 /* FirebaseAuth */,
				95C7087728143E6B0073A058 /* FirebaseCrashlytics */,
				95C7087928143E6B0073A058 /* FirebaseFirestore */,
				95C7087B28143E6B0073A058 /* FirebaseFirestoreSwift-Beta */,
			);
			productName = QueUp;
			productReference = 9559FB8F28143210008E6FF3 /* QueUp.app */;
			productType = "com.apple.product-type.application";
		};
/* End PBXNativeTarget section */

/* Begin PBXProject section */
		9559FB8728143210008E6FF3 /* Project object */ = {
			isa = PBXProject;
			attributes = {
				BuildIndependentTargetsInParallel = 1;
				LastSwiftUpdateCheck = 1330;
				LastUpgradeCheck = 1330;
				TargetAttributes = {
					9559FB8E28143210008E6FF3 = {
						CreatedOnToolsVersion = 13.3.1;
					};
				};
			};
			buildConfigurationList = 9559FB8A28143210008E6FF3 /* Build configuration list for PBXProject "QueUp" */;
			compatibilityVersion = "Xcode 13.0";
			developmentRegion = en;
			hasScannedForEncodings = 0;
			knownRegions = (
				en,
				Base,
			);
			mainGroup = 9559FB8628143210008E6FF3;
			packageReferences = (
				95C7087428143E6B0073A058 /* XCRemoteSwiftPackageReference "firebase-ios-sdk" */,
			);
			productRefGroup = 9559FB9028143210008E6FF3 /* Products */;
			projectDirPath = "";
			projectRoot = "";
			targets = (
				9559FB8E28143210008E6FF3 /* QueUp */,
			);
		};
/* End PBXProject section */

/* Begin PBXResourcesBuildPhase section */
		9559FB8D28143210008E6FF3 /* Resources */ = {
			isa = PBXResourcesBuildPhase;
			buildActionMask = 2147483647;
			files = (
				9559FB9F28143211008E6FF3 /* LaunchScreen.storyboard in Resources */,
				9559FB9C28143211008E6FF3 /* Assets.xcassets in Resources */,
				95C7087F2814C23B0073A058 /* GoogleService-Info.plist in Resources */,
				9559FB9A28143210008E6FF3 /* Main.storyboard in Resources */,
			);
			runOnlyForDeploymentPostprocessing = 0;
		};
/* End PBXResourcesBuildPhase section */

/* Begin PBXShellScriptBuildPhase section */
		95C7087D2814BEF60073A058 /* ShellScript */ = {
			isa = PBXShellScriptBuildPhase;
			buildActionMask = 2147483647;
			files = (
			);
			inputFileListPaths = (
			);
			inputPaths = (
				"${DWARF_DSYM_FOLDER_PATH}/${DWARF_DSYM_FILE_NAME}/Contents/Resources/DWARF/${TARGET_NAME}",
				"$(SRCROOT)/$(BUILT_PRODUCTS_DIR)/$(INFOPLIST_PATH)",
			);
			outputFileListPaths = (
			);
			outputPaths = (
			);
			runOnlyForDeploymentPostprocessing = 0;
			shellPath = /bin/sh;
			shellScript = "\"${BUILD_DIR%/Build/*}/SourcePackages/checkouts/firebase-ios-sdk/Crashlytics/run\"\n";
		};
/* End PBXShellScriptBuildPhase section */

/* Begin PBXSourcesBuildPhase section */
		9559FB8B28143210008E6FF3 /* Sources */ = {
			isa = PBXSourcesBuildPhase;
			buildActionMask = 2147483647;
			files = (
				9524FE5C2814DF9300031980 /* HomeFormView.swift in Sources */,
				95535B4B28164415001FFC19 /* UserRepository.swift in Sources */,
				9559FB9328143210008E6FF3 /* AppDelegate.swift in Sources */,
				9559FB9528143210008E6FF3 /* SceneDelegate.swift in Sources */,
				95CDF5CC2815071F00E98B91 /* HomeViewModel.swift in Sources */,
				95CDF5C9281506E000E98B91 /* HomeViewController.swift in Sources */,
				95CDF5CF2815079800E98B91 /* AuthService.swift in Sources */,
				95CDF5D12815777700E98B91 /* User.swift in Sources */,
				95D526D4281665E000E633B4 /* RoomRepository.swift in Sources */,
				95CDF5D92815E26600E98B91 /* FirestoreRepository.swift in Sources */,
				95D526D62816661F00E633B4 /* Room.swift in Sources */,
			);
			runOnlyForDeploymentPostprocessing = 0;
		};
/* End PBXSourcesBuildPhase section */

/* Begin PBXVariantGroup section */
		9559FB9828143210008E6FF3 /* Main.storyboard */ = {
			isa = PBXVariantGroup;
			children = (
				9559FB9928143210008E6FF3 /* Base */,
			);
			name = Main.storyboard;
			sourceTree = "<group>";
		};
		9559FB9D28143211008E6FF3 /* LaunchScreen.storyboard */ = {
			isa = PBXVariantGroup;
			children = (
				9559FB9E28143211008E6FF3 /* Base */,
			);
			name = LaunchScreen.storyboard;
			sourceTree = "<group>";
		};
/* End PBXVariantGroup section */

/* Begin XCBuildConfiguration section */
		9559FBA128143211008E6FF3 /* Debug */ = {
			isa = XCBuildConfiguration;
			buildSettings = {
				ALWAYS_SEARCH_USER_PATHS = NO;
				CLANG_ANALYZER_NONNULL = YES;
				CLANG_ANALYZER_NUMBER_OBJECT_CONVERSION = YES_AGGRESSIVE;
				CLANG_CXX_LANGUAGE_STANDARD = "gnu++17";
				CLANG_ENABLE_MODULES = YES;
				CLANG_ENABLE_OBJC_ARC = YES;
				CLANG_ENABLE_OBJC_WEAK = YES;
				CLANG_WARN_BLOCK_CAPTURE_AUTORELEASING = YES;
				CLANG_WARN_BOOL_CONVERSION = YES;
				CLANG_WARN_COMMA = YES;
				CLANG_WARN_CONSTANT_CONVERSION = YES;
				CLANG_WARN_DEPRECATED_OBJC_IMPLEMENTATIONS = YES;
				CLANG_WARN_DIRECT_OBJC_ISA_USAGE = YES_ERROR;
				CLANG_WARN_DOCUMENTATION_COMMENTS = YES;
				CLANG_WARN_EMPTY_BODY = YES;
				CLANG_WARN_ENUM_CONVERSION = YES;
				CLANG_WARN_INFINITE_RECURSION = YES;
				CLANG_WARN_INT_CONVERSION = YES;
				CLANG_WARN_NON_LITERAL_NULL_CONVERSION = YES;
				CLANG_WARN_OBJC_IMPLICIT_RETAIN_SELF = YES;
				CLANG_WARN_OBJC_LITERAL_CONVERSION = YES;
				CLANG_WARN_OBJC_ROOT_CLASS = YES_ERROR;
				CLANG_WARN_QUOTED_INCLUDE_IN_FRAMEWORK_HEADER = YES;
				CLANG_WARN_RANGE_LOOP_ANALYSIS = YES;
				CLANG_WARN_STRICT_PROTOTYPES = YES;
				CLANG_WARN_SUSPICIOUS_MOVE = YES;
				CLANG_WARN_UNGUARDED_AVAILABILITY = YES_AGGRESSIVE;
				CLANG_WARN_UNREACHABLE_CODE = YES;
				CLANG_WARN__DUPLICATE_METHOD_MATCH = YES;
				COPY_PHASE_STRIP = NO;
				DEBUG_INFORMATION_FORMAT = dwarf;
				ENABLE_STRICT_OBJC_MSGSEND = YES;
				ENABLE_TESTABILITY = YES;
				GCC_C_LANGUAGE_STANDARD = gnu11;
				GCC_DYNAMIC_NO_PIC = NO;
				GCC_NO_COMMON_BLOCKS = YES;
				GCC_OPTIMIZATION_LEVEL = 0;
				GCC_PREPROCESSOR_DEFINITIONS = (
					"DEBUG=1",
					"$(inherited)",
				);
				GCC_WARN_64_TO_32_BIT_CONVERSION = YES;
				GCC_WARN_ABOUT_RETURN_TYPE = YES_ERROR;
				GCC_WARN_UNDECLARED_SELECTOR = YES;
				GCC_WARN_UNINITIALIZED_AUTOS = YES_AGGRESSIVE;
				GCC_WARN_UNUSED_FUNCTION = YES;
				GCC_WARN_UNUSED_VARIABLE = YES;
				IPHONEOS_DEPLOYMENT_TARGET = 13.2;
				MTL_ENABLE_DEBUG_INFO = INCLUDE_SOURCE;
				MTL_FAST_MATH = YES;
				ONLY_ACTIVE_ARCH = YES;
				SDKROOT = iphoneos;
				SWIFT_ACTIVE_COMPILATION_CONDITIONS = DEBUG;
				SWIFT_OPTIMIZATION_LEVEL = "-Onone";
			};
			name = Debug;
		};
		9559FBA228143211008E6FF3 /* Release */ = {
			isa = XCBuildConfiguration;
			buildSettings = {
				ALWAYS_SEARCH_USER_PATHS = NO;
				CLANG_ANALYZER_NONNULL = YES;
				CLANG_ANALYZER_NUMBER_OBJECT_CONVERSION = YES_AGGRESSIVE;
				CLANG_CXX_LANGUAGE_STANDARD = "gnu++17";
				CLANG_ENABLE_MODULES = YES;
				CLANG_ENABLE_OBJC_ARC = YES;
				CLANG_ENABLE_OBJC_WEAK = YES;
				CLANG_WARN_BLOCK_CAPTURE_AUTORELEASING = YES;
				CLANG_WARN_BOOL_CONVERSION = YES;
				CLANG_WARN_COMMA = YES;
				CLANG_WARN_CONSTANT_CONVERSION = YES;
				CLANG_WARN_DEPRECATED_OBJC_IMPLEMENTATIONS = YES;
				CLANG_WARN_DIRECT_OBJC_ISA_USAGE = YES_ERROR;
				CLANG_WARN_DOCUMENTATION_COMMENTS = YES;
				CLANG_WARN_EMPTY_BODY = YES;
				CLANG_WARN_ENUM_CONVERSION = YES;
				CLANG_WARN_INFINITE_RECURSION = YES;
				CLANG_WARN_INT_CONVERSION = YES;
				CLANG_WARN_NON_LITERAL_NULL_CONVERSION = YES;
				CLANG_WARN_OBJC_IMPLICIT_RETAIN_SELF = YES;
				CLANG_WARN_OBJC_LITERAL_CONVERSION = YES;
				CLANG_WARN_OBJC_ROOT_CLASS = YES_ERROR;
				CLANG_WARN_QUOTED_INCLUDE_IN_FRAMEWORK_HEADER = YES;
				CLANG_WARN_RANGE_LOOP_ANALYSIS = YES;
				CLANG_WARN_STRICT_PROTOTYPES = YES;
				CLANG_WARN_SUSPICIOUS_MOVE = YES;
				CLANG_WARN_UNGUARDED_AVAILABILITY = YES_AGGRESSIVE;
				CLANG_WARN_UNREACHABLE_CODE = YES;
				CLANG_WARN__DUPLICATE_METHOD_MATCH = YES;
				COPY_PHASE_STRIP = NO;
				DEBUG_INFORMATION_FORMAT = "dwarf-with-dsym";
				ENABLE_NS_ASSERTIONS = NO;
				ENABLE_STRICT_OBJC_MSGSEND = YES;
				GCC_C_LANGUAGE_STANDARD = gnu11;
				GCC_NO_COMMON_BLOCKS = YES;
				GCC_WARN_64_TO_32_BIT_CONVERSION = YES;
				GCC_WARN_ABOUT_RETURN_TYPE = YES_ERROR;
				GCC_WARN_UNDECLARED_SELECTOR = YES;
				GCC_WARN_UNINITIALIZED_AUTOS = YES_AGGRESSIVE;
				GCC_WARN_UNUSED_FUNCTION = YES;
				GCC_WARN_UNUSED_VARIABLE = YES;
				IPHONEOS_DEPLOYMENT_TARGET = 13.2;
				MTL_ENABLE_DEBUG_INFO = NO;
				MTL_FAST_MATH = YES;
				SDKROOT = iphoneos;
				SWIFT_COMPILATION_MODE = wholemodule;
				SWIFT_OPTIMIZATION_LEVEL = "-O";
				VALIDATE_PRODUCT = YES;
			};
			name = Release;
		};
		9559FBA428143211008E6FF3 /* Debug */ = {
			isa = XCBuildConfiguration;
			buildSettings = {
				ASSETCATALOG_COMPILER_APPICON_NAME = AppIcon;
				ASSETCATALOG_COMPILER_GLOBAL_ACCENT_COLOR_NAME = AccentColor;
				CODE_SIGN_STYLE = Automatic;
				CURRENT_PROJECT_VERSION = 1;
				DEBUG_INFORMATION_FORMAT = "dwarf-with-dsym";
				DEVELOPMENT_TEAM = VBG939BMVJ;
				GENERATE_INFOPLIST_FILE = YES;
				INFOPLIST_FILE = QueUp/SupportFiles/Info.plist;
				INFOPLIST_KEY_UIApplicationSupportsIndirectInputEvents = YES;
				INFOPLIST_KEY_UILaunchStoryboardName = LaunchScreen;
				INFOPLIST_KEY_UIMainStoryboardFile = Main;
				INFOPLIST_KEY_UISupportedInterfaceOrientations = "";
				INFOPLIST_KEY_UISupportedInterfaceOrientations_iPad = "UIInterfaceOrientationPortrait UIInterfaceOrientationPortraitUpsideDown UIInterfaceOrientationLandscapeLeft UIInterfaceOrientationLandscapeRight";
				INFOPLIST_KEY_UISupportedInterfaceOrientations_iPhone = "UIInterfaceOrientationPortrait UIInterfaceOrientationLandscapeLeft UIInterfaceOrientationLandscapeRight";
				LD_RUNPATH_SEARCH_PATHS = (
					"$(inherited)",
					"@executable_path/Frameworks",
				);
				MARKETING_VERSION = 1.0;
				PRODUCT_BUNDLE_IDENTIFIER = com.louismenacho.queup;
				PRODUCT_NAME = "$(TARGET_NAME)";
				SWIFT_EMIT_LOC_STRINGS = YES;
				SWIFT_VERSION = 5.0;
				TARGETED_DEVICE_FAMILY = 1;
			};
			name = Debug;
		};
		9559FBA528143211008E6FF3 /* Release */ = {
			isa = XCBuildConfiguration;
			buildSettings = {
				ASSETCATALOG_COMPILER_APPICON_NAME = AppIcon;
				ASSETCATALOG_COMPILER_GLOBAL_ACCENT_COLOR_NAME = AccentColor;
				CODE_SIGN_STYLE = Automatic;
				CURRENT_PROJECT_VERSION = 1;
				DEBUG_INFORMATION_FORMAT = "dwarf-with-dsym";
				DEVELOPMENT_TEAM = VBG939BMVJ;
				GENERATE_INFOPLIST_FILE = YES;
				INFOPLIST_FILE = QueUp/SupportFiles/Info.plist;
				INFOPLIST_KEY_UIApplicationSupportsIndirectInputEvents = YES;
				INFOPLIST_KEY_UILaunchStoryboardName = LaunchScreen;
				INFOPLIST_KEY_UIMainStoryboardFile = Main;
				INFOPLIST_KEY_UISupportedInterfaceOrientations = "";
				INFOPLIST_KEY_UISupportedInterfaceOrientations_iPad = "UIInterfaceOrientationPortrait UIInterfaceOrientationPortraitUpsideDown UIInterfaceOrientationLandscapeLeft UIInterfaceOrientationLandscapeRight";
				INFOPLIST_KEY_UISupportedInterfaceOrientations_iPhone = "UIInterfaceOrientationPortrait UIInterfaceOrientationLandscapeLeft UIInterfaceOrientationLandscapeRight";
				LD_RUNPATH_SEARCH_PATHS = (
					"$(inherited)",
					"@executable_path/Frameworks",
				);
				MARKETING_VERSION = 1.0;
				PRODUCT_BUNDLE_IDENTIFIER = com.louismenacho.queup;
				PRODUCT_NAME = "$(TARGET_NAME)";
				SWIFT_EMIT_LOC_STRINGS = YES;
				SWIFT_VERSION = 5.0;
				TARGETED_DEVICE_FAMILY = 1;
			};
			name = Release;
		};
/* End XCBuildConfiguration section */

/* Begin XCConfigurationList section */
		9559FB8A28143210008E6FF3 /* Build configuration list for PBXProject "QueUp" */ = {
			isa = XCConfigurationList;
			buildConfigurations = (
				9559FBA128143211008E6FF3 /* Debug */,
				9559FBA228143211008E6FF3 /* Release */,
			);
			defaultConfigurationIsVisible = 0;
			defaultConfigurationName = Release;
		};
		9559FBA328143211008E6FF3 /* Build configuration list for PBXNativeTarget "QueUp" */ = {
			isa = XCConfigurationList;
			buildConfigurations = (
				9559FBA428143211008E6FF3 /* Debug */,
				9559FBA528143211008E6FF3 /* Release */,
			);
			defaultConfigurationIsVisible = 0;
			defaultConfigurationName = Release;
		};
/* End XCConfigurationList section */

/* Begin XCRemoteSwiftPackageReference section */
		95C7087428143E6B0073A058 /* XCRemoteSwiftPackageReference "firebase-ios-sdk" */ = {
			isa = XCRemoteSwiftPackageReference;
			repositoryURL = "http://github.com/firebase/firebase-ios-sdk.git";
			requirement = {
				kind = upToNextMajorVersion;
				minimumVersion = 8.0.0;
			};
		};
/* End XCRemoteSwiftPackageReference section */

/* Begin XCSwiftPackageProductDependency section */
		95C7087528143E6B0073A058 /* FirebaseAuth */ = {
			isa = XCSwiftPackageProductDependency;
			package = 95C7087428143E6B0073A058 /* XCRemoteSwiftPackageReference "firebase-ios-sdk" */;
			productName = FirebaseAuth;
		};
		95C7087728143E6B0073A058 /* FirebaseCrashlytics */ = {
			isa = XCSwiftPackageProductDependency;
			package = 95C7087428143E6B0073A058 /* XCRemoteSwiftPackageReference "firebase-ios-sdk" */;
			productName = FirebaseCrashlytics;
		};
		95C7087928143E6B0073A058 /* FirebaseFirestore */ = {
			isa = XCSwiftPackageProductDependency;
			package = 95C7087428143E6B0073A058 /* XCRemoteSwiftPackageReference "firebase-ios-sdk" */;
			productName = FirebaseFirestore;
		};
		95C7087B28143E6B0073A058 /* FirebaseFirestoreSwift-Beta */ = {
			isa = XCSwiftPackageProductDependency;
			package = 95C7087428143E6B0073A058 /* XCRemoteSwiftPackageReference "firebase-ios-sdk" */;
			productName = "FirebaseFirestoreSwift-Beta";
		};
/* End XCSwiftPackageProductDependency section */
	};
	rootObject = 9559FB8728143210008E6FF3 /* Project object */;
}
